// !$*UTF8*$!
{
	archiveVersion = 1;
	classes = {
	};
	objectVersion = 56;
	objects = {

/* Begin PBXBuildFile section */
		4C5CC5972CF0F680001CBF1E /* AppDelegate.swift in Sources */ = {isa = PBXBuildFile; fileRef = 4C5CC5962CF0F680001CBF1E /* AppDelegate.swift */; };
		4C5CC5992CF0F680001CBF1E /* SceneDelegate.swift in Sources */ = {isa = PBXBuildFile; fileRef = 4C5CC5982CF0F680001CBF1E /* SceneDelegate.swift */; };
		4C5CC59B2CF0F680001CBF1E /* ViewController.swift in Sources */ = {isa = PBXBuildFile; fileRef = 4C5CC59A2CF0F680001CBF1E /* ViewController.swift */; };
		4C5CC59E2CF0F680001CBF1E /* Base in Resources */ = {isa = PBXBuildFile; fileRef = 4C5CC59D2CF0F680001CBF1E /* Base */; };
		4C5CC5A02CF0F682001CBF1E /* Assets.xcassets in Resources */ = {isa = PBXBuildFile; fileRef = 4C5CC59F2CF0F682001CBF1E /* Assets.xcassets */; };
		4C5CC5A32CF0F682001CBF1E /* Base in Resources */ = {isa = PBXBuildFile; fileRef = 4C5CC5A22CF0F682001CBF1E /* Base */; };
		4C5CC5AE2CF0F682001CBF1E /* CounterTests.swift in Sources */ = {isa = PBXBuildFile; fileRef = 4C5CC5AD2CF0F682001CBF1E /* CounterTests.swift */; };
		4C5CC5B82CF0F682001CBF1E /* CounterUITests.swift in Sources */ = {isa = PBXBuildFile; fileRef = 4C5CC5B72CF0F682001CBF1E /* CounterUITests.swift */; };
		4C5CC5BA2CF0F682001CBF1E /* CounterUITestsLaunchTests.swift in Sources */ = {isa = PBXBuildFile; fileRef = 4C5CC5B92CF0F682001CBF1E /* CounterUITestsLaunchTests.swift */; };
/* End PBXBuildFile section */

/* Begin PBXContainerItemProxy section */
		4C5CC5AA2CF0F682001CBF1E /* PBXContainerItemProxy */ = {
			isa = PBXContainerItemProxy;
			containerPortal = 4C5CC58B2CF0F680001CBF1E /* Project object */;
			proxyType = 1;
			remoteGlobalIDString = 4C5CC5922CF0F680001CBF1E;
			remoteInfo = Counter;
		};
		4C5CC5B42CF0F682001CBF1E /* PBXContainerItemProxy */ = {
			isa = PBXContainerItemProxy;
			containerPortal = 4C5CC58B2CF0F680001CBF1E /* Project object */;
			proxyType = 1;
			remoteGlobalIDString = 4C5CC5922CF0F680001CBF1E;
			remoteInfo = Counter;
		};
/* End PBXContainerItemProxy section */

/* Begin PBXFileReference section */
		4C5CC5932CF0F680001CBF1E /* Counter.app */ = {isa = PBXFileReference; explicitFileType = wrapper.application; includeInIndex = 0; path = Counter.app; sourceTree = BUILT_PRODUCTS_DIR; };
		4C5CC5962CF0F680001CBF1E /* AppDelegate.swift */ = {isa = PBXFileReference; lastKnownFileType = sourcecode.swift; path = AppDelegate.swift; sourceTree = "<group>"; };
		4C5CC5982CF0F680001CBF1E /* SceneDelegate.swift */ = {isa = PBXFileReference; lastKnownFileType = sourcecode.swift; path = SceneDelegate.swift; sourceTree = "<group>"; };
		4C5CC59A2CF0F680001CBF1E /* ViewController.swift */ = {isa = PBXFileReference; lastKnownFileType = sourcecode.swift; path = ViewController.swift; sourceTree = "<group>"; };
		4C5CC59D2CF0F680001CBF1E /* Base */ = {isa = PBXFileReference; lastKnownFileType = file.storyboard; name = Base; path = Base.lproj/Main.storyboard; sourceTree = "<group>"; };
		4C5CC59F2CF0F682001CBF1E /* Assets.xcassets */ = {isa = PBXFileReference; lastKnownFileType = folder.assetcatalog; path = Assets.xcassets; sourceTree = "<group>"; };
		4C5CC5A22CF0F682001CBF1E /* Base */ = {isa = PBXFileReference; lastKnownFileType = file.storyboard; name = Base; path = Base.lproj/LaunchScreen.storyboard; sourceTree = "<group>"; };
		4C5CC5A42CF0F682001CBF1E /* Info.plist */ = {isa = PBXFileReference; lastKnownFileType = text.plist.xml; path = Info.plist; sourceTree = "<group>"; };
		4C5CC5A92CF0F682001CBF1E /* CounterTests.xctest */ = {isa = PBXFileReference; explicitFileType = wrapper.cfbundle; includeInIndex = 0; path = CounterTests.xctest; sourceTree = BUILT_PRODUCTS_DIR; };
		4C5CC5AD2CF0F682001CBF1E /* CounterTests.swift */ = {isa = PBXFileReference; lastKnownFileType = sourcecode.swift; path = CounterTests.swift; sourceTree = "<group>"; };
		4C5CC5B32CF0F682001CBF1E /* CounterUITests.xctest */ = {isa = PBXFileReference; explicitFileType = wrapper.cfbundle; includeInIndex = 0; path = CounterUITests.xctest; sourceTree = BUILT_PRODUCTS_DIR; };
		4C5CC5B72CF0F682001CBF1E /* CounterUITests.swift */ = {isa = PBXFileReference; lastKnownFileType = sourcecode.swift; path = CounterUITests.swift; sourceTree = "<group>"; };
		4C5CC5B92CF0F682001CBF1E /* CounterUITestsLaunchTests.swift */ = {isa = PBXFileReference; lastKnownFileType = sourcecode.swift; path = CounterUITestsLaunchTests.swift; sourceTree = "<group>"; };
/* End PBXFileReference section */

/* Begin PBXFrameworksBuildPhase section */
		4C5CC5902CF0F680001CBF1E /* Frameworks */ = {
			isa = PBXFrameworksBuildPhase;
			buildActionMask = 2147483647;
			files = (
			);
			runOnlyForDeploymentPostprocessing = 0;
		};
		4C5CC5A62CF0F682001CBF1E /* Frameworks */ = {
			isa = PBXFrameworksBuildPhase;
			buildActionMask = 2147483647;
			files = (
			);
			runOnlyForDeploymentPostprocessing = 0;
		};
		4C5CC5B02CF0F682001CBF1E /* Frameworks */ = {
			isa = PBXFrameworksBuildPhase;
			buildActionMask = 2147483647;
			files = (
			);
			runOnlyForDeploymentPostprocessing = 0;
		};
/* End PBXFrameworksBuildPhase section */

/* Begin PBXGroup section */
		4C5CC58A2CF0F680001CBF1E = {
			isa = PBXGroup;
			children = (
				4C5CC5952CF0F680001CBF1E /* Counter */,
				4C5CC5AC2CF0F682001CBF1E /* CounterTests */,
				4C5CC5B62CF0F682001CBF1E /* CounterUITests */,
				4C5CC5942CF0F680001CBF1E /* Products */,
			);
			sourceTree = "<group>";
		};
		4C5CC5942CF0F680001CBF1E /* Products */ = {
			isa = PBXGroup;
			children = (
				4C5CC5932CF0F680001CBF1E /* Counter.app */,
				4C5CC5A92CF0F682001CBF1E /* CounterTests.xctest */,
				4C5CC5B32CF0F682001CBF1E /* CounterUITests.xctest */,
			);
			name = Products;
			sourceTree = "<group>";
		};
		4C5CC5952CF0F680001CBF1E /* Counter */ = {
			isa = PBXGroup;
			children = (
				4C5CC5962CF0F680001CBF1E /* AppDelegate.swift */,
				4C5CC5982CF0F680001CBF1E /* SceneDelegate.swift */,
				4C5CC59A2CF0F680001CBF1E /* ViewController.swift */,
				4C5CC59C2CF0F680001CBF1E /* Main.storyboard */,
				4C5CC59F2CF0F682001CBF1E /* Assets.xcassets */,
				4C5CC5A12CF0F682001CBF1E /* LaunchScreen.storyboard */,
				4C5CC5A42CF0F682001CBF1E /* Info.plist */,
			);
			path = Counter;
			sourceTree = "<group>";
		};
		4C5CC5AC2CF0F682001CBF1E /* CounterTests */ = {
			isa = PBXGroup;
			children = (
				4C5CC5AD2CF0F682001CBF1E /* CounterTests.swift */,
			);
			path = CounterTests;
			sourceTree = "<group>";
		};
		4C5CC5B62CF0F682001CBF1E /* CounterUITests */ = {
			isa = PBXGroup;
			children = (
				4C5CC5B72CF0F682001CBF1E /* CounterUITests.swift */,
				4C5CC5B92CF0F682001CBF1E /* CounterUITestsLaunchTests.swift */,
			);
			path = CounterUITests;
			sourceTree = "<group>";
		};
/* End PBXGroup section */

/* Begin PBXNativeTarget section */
		4C5CC5922CF0F680001CBF1E /* Counter */ = {
			isa = PBXNativeTarget;
			buildConfigurationList = 4C5CC5BD2CF0F682001CBF1E /* Build configuration list for PBXNativeTarget "Counter" */;
			buildPhases = (
				4C5CC58F2CF0F680001CBF1E /* Sources */,
				4C5CC5902CF0F680001CBF1E /* Frameworks */,
				4C5CC5912CF0F680001CBF1E /* Resources */,
			);
			buildRules = (
			);
			dependencies = (
			);
			name = Counter;
			productName = Counter;
			productReference = 4C5CC5932CF0F680001CBF1E /* Counter.app */;
			productType = "com.apple.product-type.application";
		};
		4C5CC5A82CF0F682001CBF1E /* CounterTests */ = {
			isa = PBXNativeTarget;
			buildConfigurationList = 4C5CC5C02CF0F682001CBF1E /* Build configuration list for PBXNativeTarget "CounterTests" */;
			buildPhases = (
				4C5CC5A52CF0F682001CBF1E /* Sources */,
				4C5CC5A62CF0F682001CBF1E /* Frameworks */,
				4C5CC5A72CF0F682001CBF1E /* Resources */,
			);
			buildRules = (
			);
			dependencies = (
				4C5CC5AB2CF0F682001CBF1E /* PBXTargetDependency */,
			);
			name = CounterTests;
			productName = CounterTests;
			productReference = 4C5CC5A92CF0F682001CBF1E /* CounterTests.xctest */;
			productType = "com.apple.product-type.bundle.unit-test";
		};
		4C5CC5B22CF0F682001CBF1E /* CounterUITests */ = {
			isa = PBXNativeTarget;
			buildConfigurationList = 4C5CC5C32CF0F682001CBF1E /* Build configuration list for PBXNativeTarget "CounterUITests" */;
			buildPhases = (
				4C5CC5AF2CF0F682001CBF1E /* Sources */,
				4C5CC5B02CF0F682001CBF1E /* Frameworks */,
				4C5CC5B12CF0F682001CBF1E /* Resources */,
			);
			buildRules = (
			);
			dependencies = (
				4C5CC5B52CF0F682001CBF1E /* PBXTargetDependency */,
			);
			name = CounterUITests;
			productName = CounterUITests;
			productReference = 4C5CC5B32CF0F682001CBF1E /* CounterUITests.xctest */;
			productType = "com.apple.product-type.bundle.ui-testing";
		};
/* End PBXNativeTarget section */

/* Begin PBXProject section */
		4C5CC58B2CF0F680001CBF1E /* Project object */ = {
			isa = PBXProject;
			attributes = {
				BuildIndependentTargetsInParallel = 1;
				LastSwiftUpdateCheck = 1540;
				LastUpgradeCheck = 1540;
				TargetAttributes = {
					4C5CC5922CF0F680001CBF1E = {
						CreatedOnToolsVersion = 15.4;
					};
					4C5CC5A82CF0F682001CBF1E = {
						CreatedOnToolsVersion = 15.4;
						TestTargetID = 4C5CC5922CF0F680001CBF1E;
					};
					4C5CC5B22CF0F682001CBF1E = {
						CreatedOnToolsVersion = 15.4;
						TestTargetID = 4C5CC5922CF0F680001CBF1E;
					};
				};
			};
			buildConfigurationList = 4C5CC58E2CF0F680001CBF1E /* Build configuration list for PBXProject "Counter" */;
			compatibilityVersion = "Xcode 14.0";
			developmentRegion = en;
			hasScannedForEncodings = 0;
			knownRegions = (
				en,
				Base,
			);
			mainGroup = 4C5CC58A2CF0F680001CBF1E;
			productRefGroup = 4C5CC5942CF0F680001CBF1E /* Products */;
			projectDirPath = "";
			projectRoot = "";
			targets = (
				4C5CC5922CF0F680001CBF1E /* Counter */,
				4C5CC5A82CF0F682001CBF1E /* CounterTests */,
				4C5CC5B22CF0F682001CBF1E /* CounterUITests */,
			);
		};
/* End PBXProject section */

/* Begin PBXResourcesBuildPhase section */
		4C5CC5912CF0F680001CBF1E /* Resources */ = {
			isa = PBXResourcesBuildPhase;
			buildActionMask = 2147483647;
			files = (
				4C5CC5A02CF0F682001CBF1E /* Assets.xcassets in Resources */,
				4C5CC5A32CF0F682001CBF1E /* Base in Resources */,
				4C5CC59E2CF0F680001CBF1E /* Base in Resources */,
			);
			runOnlyForDeploymentPostprocessing = 0;
		};
		4C5CC5A72CF0F682001CBF1E /* Resources */ = {
			isa = PBXResourcesBuildPhase;
			buildActionMask = 2147483647;
			files = (
			);
			runOnlyForDeploymentPostprocessing = 0;
		};
		4C5CC5B12CF0F682001CBF1E /* Resources */ = {
			isa = PBXResourcesBuildPhase;
			buildActionMask = 2147483647;
			files = (
			);
			runOnlyForDeploymentPostprocessing = 0;
		};
/* End PBXResourcesBuildPhase section */

/* Begin PBXSourcesBuildPhase section */
		4C5CC58F2CF0F680001CBF1E /* Sources */ = {
			isa = PBXSourcesBuildPhase;
			buildActionMask = 2147483647;
			files = (
				4C5CC59B2CF0F680001CBF1E /* ViewController.swift in Sources */,
				4C5CC5972CF0F680001CBF1E /* AppDelegate.swift in Sources */,
				4C5CC5992CF0F680001CBF1E /* SceneDelegate.swift in Sources */,
			);
			runOnlyForDeploymentPostprocessing = 0;
		};
		4C5CC5A52CF0F682001CBF1E /* Sources */ = {
			isa = PBXSourcesBuildPhase;
			buildActionMask = 2147483647;
			files = (
				4C5CC5AE2CF0F682001CBF1E /* CounterTests.swift in Sources */,
			);
			runOnlyForDeploymentPostprocessing = 0;
		};
		4C5CC5AF2CF0F682001CBF1E /* Sources */ = {
			isa = PBXSourcesBuildPhase;
			buildActionMask = 2147483647;
			files = (
				4C5CC5B82CF0F682001CBF1E /* CounterUITests.swift in Sources */,
				4C5CC5BA2CF0F682001CBF1E /* CounterUITestsLaunchTests.swift in Sources */,
			);
			runOnlyForDeploymentPostprocessing = 0;
		};
/* End PBXSourcesBuildPhase section */

/* Begin PBXTargetDependency section */
		4C5CC5AB2CF0F682001CBF1E /* PBXTargetDependency */ = {
			isa = PBXTargetDependency;
			target = 4C5CC5922CF0F680001CBF1E /* Counter */;
			targetProxy = 4C5CC5AA2CF0F682001CBF1E /* PBXContainerItemProxy */;
		};
		4C5CC5B52CF0F682001CBF1E /* PBXTargetDependency */ = {
			isa = PBXTargetDependency;
			target = 4C5CC5922CF0F680001CBF1E /* Counter */;
			targetProxy = 4C5CC5B42CF0F682001CBF1E /* PBXContainerItemProxy */;
		};
/* End PBXTargetDependency section */

/* Begin PBXVariantGroup section */
		4C5CC59C2CF0F680001CBF1E /* Main.storyboard */ = {
			isa = PBXVariantGroup;
			children = (
				4C5CC59D2CF0F680001CBF1E /* Base */,
			);
			name = Main.storyboard;
			sourceTree = "<group>";
		};
		4C5CC5A12CF0F682001CBF1E /* LaunchScreen.storyboard */ = {
			isa = PBXVariantGroup;
			children = (
				4C5CC5A22CF0F682001CBF1E /* Base */,
			);
			name = LaunchScreen.storyboard;
			sourceTree = "<group>";
		};
/* End PBXVariantGroup section */

/* Begin XCBuildConfiguration section */
		4C5CC5BB2CF0F682001CBF1E /* Debug */ = {
			isa = XCBuildConfiguration;
			buildSettings = {
				ALWAYS_SEARCH_USER_PATHS = NO;
				ASSETCATALOG_COMPILER_GENERATE_SWIFT_ASSET_SYMBOL_EXTENSIONS = YES;
				CLANG_ANALYZER_NONNULL = YES;
				CLANG_ANALYZER_NUMBER_OBJECT_CONVERSION = YES_AGGRESSIVE;
				CLANG_CXX_LANGUAGE_STANDARD = "gnu++20";
				CLANG_ENABLE_MODULES = YES;
				CLANG_ENABLE_OBJC_ARC = YES;
				CLANG_ENABLE_OBJC_WEAK = YES;
				CLANG_WARN_BLOCK_CAPTURE_AUTORELEASING = YES;
				CLANG_WARN_BOOL_CONVERSION = YES;
				CLANG_WARN_COMMA = YES;
				CLANG_WARN_CONSTANT_CONVERSION = YES;
				CLANG_WARN_DEPRECATED_OBJC_IMPLEMENTATIONS = YES;
				CLANG_WARN_DIRECT_OBJC_ISA_USAGE = YES_ERROR;
				CLANG_WARN_DOCUMENTATION_COMMENTS = YES;
				CLANG_WARN_EMPTY_BODY = YES;
				CLANG_WARN_ENUM_CONVERSION = YES;
				CLANG_WARN_INFINITE_RECURSION = YES;
				CLANG_WARN_INT_CONVERSION = YES;
				CLANG_WARN_NON_LITERAL_NULL_CONVERSION = YES;
				CLANG_WARN_OBJC_IMPLICIT_RETAIN_SELF = YES;
				CLANG_WARN_OBJC_LITERAL_CONVERSION = YES;
				CLANG_WARN_OBJC_ROOT_CLASS = YES_ERROR;
				CLANG_WARN_QUOTED_INCLUDE_IN_FRAMEWORK_HEADER = YES;
				CLANG_WARN_RANGE_LOOP_ANALYSIS = YES;
				CLANG_WARN_STRICT_PROTOTYPES = YES;
				CLANG_WARN_SUSPICIOUS_MOVE = YES;
				CLANG_WARN_UNGUARDED_AVAILABILITY = YES_AGGRESSIVE;
				CLANG_WARN_UNREACHABLE_CODE = YES;
				CLANG_WARN__DUPLICATE_METHOD_MATCH = YES;
				COPY_PHASE_STRIP = NO;
				DEBUG_INFORMATION_FORMAT = dwarf;
				ENABLE_STRICT_OBJC_MSGSEND = YES;
				ENABLE_TESTABILITY = YES;
				ENABLE_USER_SCRIPT_SANDBOXING = YES;
				GCC_C_LANGUAGE_STANDARD = gnu17;
				GCC_DYNAMIC_NO_PIC = NO;
				GCC_NO_COMMON_BLOCKS = YES;
				GCC_OPTIMIZATION_LEVEL = 0;
				GCC_PREPROCESSOR_DEFINITIONS = (
					"DEBUG=1",
					"$(inherited)",
				);
				GCC_WARN_64_TO_32_BIT_CONVERSION = YES;
				GCC_WARN_ABOUT_RETURN_TYPE = YES_ERROR;
				GCC_WARN_UNDECLARED_SELECTOR = YES;
				GCC_WARN_UNINITIALIZED_AUTOS = YES_AGGRESSIVE;
				GCC_WARN_UNUSED_FUNCTION = YES;
				GCC_WARN_UNUSED_VARIABLE = YES;
				IPHONEOS_DEPLOYMENT_TARGET = 17.5;
				LOCALIZATION_PREFERS_STRING_CATALOGS = YES;
				MTL_ENABLE_DEBUG_INFO = INCLUDE_SOURCE;
				MTL_FAST_MATH = YES;
				ONLY_ACTIVE_ARCH = YES;
				SDKROOT = iphoneos;
				SWIFT_ACTIVE_COMPILATION_CONDITIONS = "DEBUG $(inherited)";
				SWIFT_OPTIMIZATION_LEVEL = "-Onone";
			};
			name = Debug;
		};
		4C5CC5BC2CF0F682001CBF1E /* Release */ = {
			isa = XCBuildConfiguration;
			buildSettings = {
				ALWAYS_SEARCH_USER_PATHS = NO;
				ASSETCATALOG_COMPILER_GENERATE_SWIFT_ASSET_SYMBOL_EXTENSIONS = YES;
				CLANG_ANALYZER_NONNULL = YES;
				CLANG_ANALYZER_NUMBER_OBJECT_CONVERSION = YES_AGGRESSIVE;
				CLANG_CXX_LANGUAGE_STANDARD = "gnu++20";
				CLANG_ENABLE_MODULES = YES;
				CLANG_ENABLE_OBJC_ARC = YES;
				CLANG_ENABLE_OBJC_WEAK = YES;
				CLANG_WARN_BLOCK_CAPTURE_AUTORELEASING = YES;
				CLANG_WARN_BOOL_CONVERSION = YES;
				CLANG_WARN_COMMA = YES;
				CLANG_WARN_CONSTANT_CONVERSION = YES;
				CLANG_WARN_DEPRECATED_OBJC_IMPLEMENTATIONS = YES;
				CLANG_WARN_DIRECT_OBJC_ISA_USAGE = YES_ERROR;
				CLANG_WARN_DOCUMENTATION_COMMENTS = YES;
				CLANG_WARN_EMPTY_BODY = YES;
				CLANG_WARN_ENUM_CONVERSION = YES;
				CLANG_WARN_INFINITE_RECURSION = YES;
				CLANG_WARN_INT_CONVERSION = YES;
				CLANG_WARN_NON_LITERAL_NULL_CONVERSION = YES;
				CLANG_WARN_OBJC_IMPLICIT_RETAIN_SELF = YES;
				CLANG_WARN_OBJC_LITERAL_CONVERSION = YES;
				CLANG_WARN_OBJC_ROOT_CLASS = YES_ERROR;
				CLANG_WARN_QUOTED_INCLUDE_IN_FRAMEWORK_HEADER = YES;
				CLANG_WARN_RANGE_LOOP_ANALYSIS = YES;
				CLANG_WARN_STRICT_PROTOTYPES = YES;
				CLANG_WARN_SUSPICIOUS_MOVE = YES;
				CLANG_WARN_UNGUARDED_AVAILABILITY = YES_AGGRESSIVE;
				CLANG_WARN_UNREACHABLE_CODE = YES;
				CLANG_WARN__DUPLICATE_METHOD_MATCH = YES;
				COPY_PHASE_STRIP = NO;
				DEBUG_INFORMATION_FORMAT = "dwarf-with-dsym";
				ENABLE_NS_ASSERTIONS = NO;
				ENABLE_STRICT_OBJC_MSGSEND = YES;
				ENABLE_USER_SCRIPT_SANDBOXING = YES;
				GCC_C_LANGUAGE_STANDARD = gnu17;
				GCC_NO_COMMON_BLOCKS = YES;
				GCC_WARN_64_TO_32_BIT_CONVERSION = YES;
				GCC_WARN_ABOUT_RETURN_TYPE = YES_ERROR;
				GCC_WARN_UNDECLARED_SELECTOR = YES;
				GCC_WARN_UNINITIALIZED_AUTOS = YES_AGGRESSIVE;
				GCC_WARN_UNUSED_FUNCTION = YES;
				GCC_WARN_UNUSED_VARIABLE = YES;
				IPHONEOS_DEPLOYMENT_TARGET = 17.5;
				LOCALIZATION_PREFERS_STRING_CATALOGS = YES;
				MTL_ENABLE_DEBUG_INFO = NO;
				MTL_FAST_MATH = YES;
				SDKROOT = iphoneos;
				SWIFT_COMPILATION_MODE = wholemodule;
				VALIDATE_PRODUCT = YES;
			};
			name = Release;
		};
		4C5CC5BE2CF0F682001CBF1E /* Debug */ = {
			isa = XCBuildConfiguration;
			buildSettings = {
				ASSETCATALOG_COMPILER_APPICON_NAME = AppIcon;
				ASSETCATALOG_COMPILER_GLOBAL_ACCENT_COLOR_NAME = AccentColor;
				CODE_SIGN_STYLE = Automatic;
				CURRENT_PROJECT_VERSION = 1;
				GENERATE_INFOPLIST_FILE = YES;
				INFOPLIST_FILE = Counter/Info.plist;
				INFOPLIST_KEY_UIApplicationSupportsIndirectInputEvents = YES;
				INFOPLIST_KEY_UILaunchStoryboardName = LaunchScreen;
				INFOPLIST_KEY_UIMainStoryboardFile = Main;
				INFOPLIST_KEY_UISupportedInterfaceOrientations_iPad = "UIInterfaceOrientationPortrait UIInterfaceOrientationPortraitUpsideDown UIInterfaceOrientationLandscapeLeft UIInterfaceOrientationLandscapeRight";
				INFOPLIST_KEY_UISupportedInterfaceOrientations_iPhone = "UIInterfaceOrientationPortrait UIInterfaceOrientationLandscapeLeft UIInterfaceOrientationLandscapeRight";
				LD_RUNPATH_SEARCH_PATHS = (
					"$(inherited)",
					"@executable_path/Frameworks",
				);
				MARKETING_VERSION = 1.0;
				PRODUCT_BUNDLE_IDENTIFIER = "dzhamal-ibragimov.Counter";
				PRODUCT_NAME = "$(TARGET_NAME)";
				SWIFT_EMIT_LOC_STRINGS = YES;
				SWIFT_VERSION = 5.0;
				TARGETED_DEVICE_FAMILY = "1,2";
			};
			name = Debug;
		};
		4C5CC5BF2CF0F682001CBF1E /* Release */ = {
			isa = XCBuildConfiguration;
			buildSettings = {
				ASSETCATALOG_COMPILER_APPICON_NAME = AppIcon;
				ASSETCATALOG_COMPILER_GLOBAL_ACCENT_COLOR_NAME = AccentColor;
				CODE_SIGN_STYLE = Automatic;
				CURRENT_PROJECT_VERSION = 1;
				GENERATE_INFOPLIST_FILE = YES;
				INFOPLIST_FILE = Counter/Info.plist;
				INFOPLIST_KEY_UIApplicationSupportsIndirectInputEvents = YES;
				INFOPLIST_KEY_UILaunchStoryboardName = LaunchScreen;
				INFOPLIST_KEY_UIMainStoryboardFile = Main;
				INFOPLIST_KEY_UISupportedInterfaceOrientations_iPad = "UIInterfaceOrientationPortrait UIInterfaceOrientationPortraitUpsideDown UIInterfaceOrientationLandscapeLeft UIInterfaceOrientationLandscapeRight";
				INFOPLIST_KEY_UISupportedInterfaceOrientations_iPhone = "UIInterfaceOrientationPortrait UIInterfaceOrientationLandscapeLeft UIInterfaceOrientationLandscapeRight";
				LD_RUNPATH_SEARCH_PATHS = (
					"$(inherited)",
					"@executable_path/Frameworks",
				);
				MARKETING_VERSION = 1.0;
				PRODUCT_BUNDLE_IDENTIFIER = "dzhamal-ibragimov.Counter";
				PRODUCT_NAME = "$(TARGET_NAME)";
				SWIFT_EMIT_LOC_STRINGS = YES;
				SWIFT_VERSION = 5.0;
				TARGETED_DEVICE_FAMILY = "1,2";
			};
			name = Release;
		};
		4C5CC5C12CF0F682001CBF1E /* Debug */ = {
			isa = XCBuildConfiguration;
			buildSettings = {
				ALWAYS_EMBED_SWIFT_STANDARD_LIBRARIES = YES;
				BUNDLE_LOADER = "$(TEST_HOST)";
				CODE_SIGN_STYLE = Automatic;
				CURRENT_PROJECT_VERSION = 1;
				GENERATE_INFOPLIST_FILE = YES;
				IPHONEOS_DEPLOYMENT_TARGET = 17.5;
				MARKETING_VERSION = 1.0;
				PRODUCT_BUNDLE_IDENTIFIER = "dzhamal-ibragimov.CounterTests";
				PRODUCT_NAME = "$(TARGET_NAME)";
				SWIFT_EMIT_LOC_STRINGS = NO;
				SWIFT_VERSION = 5.0;
				TARGETED_DEVICE_FAMILY = "1,2";
				TEST_HOST = "$(BUILT_PRODUCTS_DIR)/Counter.app/$(BUNDLE_EXECUTABLE_FOLDER_PATH)/Counter";
			};
			name = Debug;
		};
		4C5CC5C22CF0F682001CBF1E /* Release */ = {
			isa = XCBuildConfiguration;
			buildSettings = {
				ALWAYS_EMBED_SWIFT_STANDARD_LIBRARIES = YES;
				BUNDLE_LOADER = "$(TEST_HOST)";
				CODE_SIGN_STYLE = Automatic;
				CURRENT_PROJECT_VERSION = 1;
				GENERATE_INFOPLIST_FILE = YES;
				IPHONEOS_DEPLOYMENT_TARGET = 17.5;
				MARKETING_VERSION = 1.0;
				PRODUCT_BUNDLE_IDENTIFIER = "dzhamal-ibragimov.CounterTests";
				PRODUCT_NAME = "$(TARGET_NAME)";
				SWIFT_EMIT_LOC_STRINGS = NO;
				SWIFT_VERSION = 5.0;
				TARGETED_DEVICE_FAMILY = "1,2";
				TEST_HOST = "$(BUILT_PRODUCTS_DIR)/Counter.app/$(BUNDLE_EXECUTABLE_FOLDER_PATH)/Counter";
			};
			name = Release;
		};
		4C5CC5C42CF0F682001CBF1E /* Debug */ = {
			isa = XCBuildConfiguration;
			buildSettings = {
				ALWAYS_EMBED_SWIFT_STANDARD_LIBRARIES = YES;
				CODE_SIGN_STYLE = Automatic;
				CURRENT_PROJECT_VERSION = 1;
				GENERATE_INFOPLIST_FILE = YES;
				MARKETING_VERSION = 1.0;
				PRODUCT_BUNDLE_IDENTIFIER = "dzhamal-ibragimov.CounterUITests";
				PRODUCT_NAME = "$(TARGET_NAME)";
				SWIFT_EMIT_LOC_STRINGS = NO;
				SWIFT_VERSION = 5.0;
				TARGETED_DEVICE_FAMILY = "1,2";
				TEST_TARGET_NAME = Counter;
			};
			name = Debug;
		};
		4C5CC5C52CF0F682001CBF1E /* Release */ = {
			isa = XCBuildConfiguration;
			buildSettings = {
				ALWAYS_EMBED_SWIFT_STANDARD_LIBRARIES = YES;
				CODE_SIGN_STYLE = Automatic;
				CURRENT_PROJECT_VERSION = 1;
				GENERATE_INFOPLIST_FILE = YES;
				MARKETING_VERSION = 1.0;
				PRODUCT_BUNDLE_IDENTIFIER = "dzhamal-ibragimov.CounterUITests";
				PRODUCT_NAME = "$(TARGET_NAME)";
				SWIFT_EMIT_LOC_STRINGS = NO;
				SWIFT_VERSION = 5.0;
				TARGETED_DEVICE_FAMILY = "1,2";
				TEST_TARGET_NAME = Counter;
			};
			name = Release;
		};
/* End XCBuildConfiguration section */

/* Begin XCConfigurationList section */
		4C5CC58E2CF0F680001CBF1E /* Build configuration list for PBXProject "Counter" */ = {
			isa = XCConfigurationList;
			buildConfigurations = (
				4C5CC5BB2CF0F682001CBF1E /* Debug */,
				4C5CC5BC2CF0F682001CBF1E /* Release */,
			);
			defaultConfigurationIsVisible = 0;
			defaultConfigurationName = Release;
		};
		4C5CC5BD2CF0F682001CBF1E /* Build configuration list for PBXNativeTarget "Counter" */ = {
			isa = XCConfigurationList;
			buildConfigurations = (
				4C5CC5BE2CF0F682001CBF1E /* Debug */,
				4C5CC5BF2CF0F682001CBF1E /* Release */,
			);
			defaultConfigurationIsVisible = 0;
			defaultConfigurationName = Release;
		};
		4C5CC5C02CF0F682001CBF1E /* Build configuration list for PBXNativeTarget "CounterTests" */ = {
			isa = XCConfigurationList;
			buildConfigurations = (
				4C5CC5C12CF0F682001CBF1E /* Debug */,
				4C5CC5C22CF0F682001CBF1E /* Release */,
			);
			defaultConfigurationIsVisible = 0;
			defaultConfigurationName = Release;
		};
		4C5CC5C32CF0F682001CBF1E /* Build configuration list for PBXNativeTarget "CounterUITests" */ = {
			isa = XCConfigurationList;
			buildConfigurations = (
				4C5CC5C42CF0F682001CBF1E /* Debug */,
				4C5CC5C52CF0F682001CBF1E /* Release */,
			);
			defaultConfigurationIsVisible = 0;
			defaultConfigurationName = Release;
		};
/* End XCConfigurationList section */
	};
	rootObject = 4C5CC58B2CF0F680001CBF1E /* Project object */;
}
